{
  "nodes": {
    "nixpkgs": {
      "locked": {
        "lastModified": 1695644571,
        "narHash": "sha256-asS9dCCdlt1lPq0DLwkVBbVoEKuEuz+Zi3DG7pR/RxA=",
        "path": "/nix/store/i6hq63805y784dml4j8pgkrz3lryxzld-source",
        "rev": "6500b4580c2a1f3d0f980d32d285739d8e156d92",
        "type": "path"
      },
      "original": {
        "id": "nixpkgs",
        "type": "indirect"
      }
    },
    "root": {
      "inputs": {
        "nixpkgs": "nixpkgs",
        "svelte-env": "svelte-env"
      }
    },
    "svelte-env": {
      "inputs": {
        "nixpkgs": [
          "nixpkgs"
        ]
      },
      "locked": {
        "dir": "svelte",
        "lastModified": 1697705467,
        "narHash": "sha256-SQ1xpSju8q+pzNb7ak1pwilPqeA6lsM/XAPC0wPiQOo=",
        "owner": "GetPsyched",
        "repo": "nix-starter-flakes",
        "rev": "a8be9bafe3a00cf5e215ee3994af0be116fa4f50",
        "type": "github"
      },
      "original": {
        "dir": "svelte",
        "owner": "GetPsyched",
        "repo": "nix-starter-flakes",
        "type": "github"
      }
    }
  },
  "root": "root",
  "version": 7
}
