{
  "nodes": {
    "flakey-devShells": {
      "inputs": {
        "nixpkgs": [
          "nixpkgs"
        ]
      },
      "locked": {
        "lastModified": 1699386167,
        "narHash": "sha256-NS4Uxl8T4px96JeBXKisxXkyhDwqVO58c+TzYqNjLpU=",
        "rev": "9a5b427a7206c99c818466f062f6a557d628fe0a",
        "revCount": 71,
        "type": "tarball",
        "url": "https://api.flakehub.com/f/pinned/GetPsyched/not-so-flakey-devshells/0.2.1/018bab53-eb46-7b57-a888-807bc541a8aa/source.tar.gz"
      },
      "original": {
        "type": "tarball",
        "url": "https://flakehub.com/f/GetPsyched/not-so-flakey-devshells/0.x.x.tar.gz"
      }
    },
    "nixpkgs": {
      "locked": {
        "lastModified": 1698924604,
        "narHash": "sha256-GCFbkl2tj8fEZBZCw3Tc0AkGo0v+YrQlohhEGJ/X4s0=",
        "path": "/nix/store/a56i1y5js340dn1w9r767a8jp34k31n4-source",
        "rev": "fa804edfb7869c9fb230e174182a8a1a7e512c40",
        "type": "path"
      },
      "original": {
        "id": "nixpkgs",
        "type": "indirect"
      }
    },
    "root": {
      "inputs": {
        "flakey-devShells": "flakey-devShells",
        "nixpkgs": "nixpkgs"
      }
    }
  },
  "root": "root",
  "version": 7
}
